
Microsoft Visual Studio Solution File, Format Version 12.00
# Visual Studio Version 17
VisualStudioVersion = 17.9.34622.214
MinimumVisualStudioVersion = 10.0.40219.1
Project("{9A19103F-16F7-4668-BE54-9A1E7A4F7556}") = "Multithreading", "Multithreading\Multithreading.csproj", "{6DA4FBF1-3817-487A-9966-928E29D8BAD7}"
EndProject
Project("{FAE04EC0-301F-11D3-BF4B-00C04F79EFBC}") = "ConsoleApp1", "ConsoleApp1\ConsoleApp1.csproj", "{9085FAE8-3B90-4043-8BD9-81FD6C486E30}"
EndProject
Global
	GlobalSection(SolutionConfigurationPlatforms) = preSolution
		Debug|Any CPU = Debug|Any CPU
		Release|Any CPU = Release|Any CPU
	EndGlobalSection
	GlobalSection(ProjectConfigurationPlatforms) = postSolution
		{6DA4FBF1-3817-487A-9966-928E29D8BAD7}.Debug|Any CPU.ActiveCfg = Debug|Any CPU
		{6DA4FBF1-3817-487A-9966-928E29D8BAD7}.Debug|Any CPU.Build.0 = Debug|Any CPU
		{6DA4FBF1-3817-487A-9966-928E29D8BAD7}.Release|Any CPU.ActiveCfg = Release|Any CPU
		{6DA4FBF1-3817-487A-9966-928E29D8BAD7}.Release|Any CPU.Build.0 = Release|Any CPU
		{9085FAE8-3B90-4043-8BD9-81FD6C486E30}.Debug|Any CPU.ActiveCfg = Debug|Any CPU
		{9085FAE8-3B90-4043-8BD9-81FD6C486E30}.Debug|Any CPU.Build.0 = Debug|Any CPU
		{9085FAE8-3B90-4043-8BD9-81FD6C486E30}.Release|Any CPU.ActiveCfg = Release|Any CPU
		{9085FAE8-3B90-4043-8BD9-81FD6C486E30}.Release|Any CPU.Build.0 = Release|Any CPU
	EndGlobalSection
	GlobalSection(SolutionProperties) = preSolution
		HideSolutionNode = FALSE
	EndGlobalSection
	GlobalSection(ExtensibilityGlobals) = postSolution
		SolutionGuid = {E17C3E4D-B494-4288-85CF-E2E2AD478AD0}
	EndGlobalSection
EndGlobal
